Microsoft Visual Studio Solution File, Format Version 12.00
# Visual Studio Version 17
VisualStudioVersion = 17.0.31903.59
MinimumVisualStudioVersion = 10.0.40219.1
Project("{FAE04EC0-301F-11D3-BF4B-00C04F79EFBC}") = "FFBoost.Core", "FFBoost.Core\FFBoost.Core.csproj", "{F3C438F2-5750-4E22-98B8-FD0C03A44628}"
EndProject
Project("{FAE04EC0-301F-11D3-BF4B-00C04F79EFBC}") = "FFBoost.UI", "FFBoost.UI\FFBoost.UI.csproj", "{24348884-A109-438C-B234-5FA13B80BBE6}"
EndProject
Global
	GlobalSection(SolutionConfigurationPlatforms) = preSolution
		Debug|Any CPU = Debug|Any CPU
		Release|Any CPU = Release|Any CPU
	EndGlobalSection
	GlobalSection(ProjectConfigurationPlatforms) = postSolution
		{F3C438F2-5750-4E22-98B8-FD0C03A44628}.Debug|Any CPU.ActiveCfg = Debug|Any CPU
		{F3C438F2-5750-4E22-98B8-FD0C03A44628}.Debug|Any CPU.Build.0 = Debug|Any CPU
		{F3C438F2-5750-4E22-98B8-FD0C03A44628}.Release|Any CPU.ActiveCfg = Release|Any CPU
		{F3C438F2-5750-4E22-98B8-FD0C03A44628}.Release|Any CPU.Build.0 = Release|Any CPU
		{24348884-A109-438C-B234-5FA13B80BBE6}.Debug|Any CPU.ActiveCfg = Debug|Any CPU
		{24348884-A109-438C-B234-5FA13B80BBE6}.Debug|Any CPU.Build.0 = Debug|Any CPU
		{24348884-A109-438C-B234-5FA13B80BBE6}.Release|Any CPU.ActiveCfg = Release|Any CPU
		{24348884-A109-438C-B234-5FA13B80BBE6}.Release|Any CPU.Build.0 = Release|Any CPU
	EndGlobalSection
	GlobalSection(SolutionProperties) = preSolution
		HideSolutionNode = FALSE
	EndGlobalSection
	GlobalSection(ExtensibilityGlobals) = postSolution
		SolutionGuid = {E98758CB-A28F-4DCF-B927-656C86F49F4C}
	EndGlobalSection
EndGlobal
